
Microsoft Visual Studio Solution File, Format Version 12.00
# Visual Studio 14
VisualStudioVersion = 14.0.25123.0
MinimumVisualStudioVersion = 10.0.40219.1
Project("{FAE04EC0-301F-11D3-BF4B-00C04F79EFBC}") = "AddressCache", "AddressCache\AddressCache.csproj", "{64C6593A-6503-40B3-B65E-71B7904BF3D4}"
EndProject
Project("{FAE04EC0-301F-11D3-BF4B-00C04F79EFBC}") = "AddressCache.UnitTest", "AddressCache.UnitTest\AddressCache.UnitTest.csproj", "{B3375A69-86E2-49F7-BF82-E3022A4597C8}"
EndProject
Global
	GlobalSection(SolutionConfigurationPlatforms) = preSolution
		Debug|Any CPU = Debug|Any CPU
		Release|Any CPU = Release|Any CPU
	EndGlobalSection
	GlobalSection(ProjectConfigurationPlatforms) = postSolution
		{64C6593A-6503-40B3-B65E-71B7904BF3D4}.Debug|Any CPU.ActiveCfg = Debug|Any CPU
		{64C6593A-6503-40B3-B65E-71B7904BF3D4}.Debug|Any CPU.Build.0 = Debug|Any CPU
		{64C6593A-6503-40B3-B65E-71B7904BF3D4}.Release|Any CPU.ActiveCfg = Release|Any CPU
		{64C6593A-6503-40B3-B65E-71B7904BF3D4}.Release|Any CPU.Build.0 = Release|Any CPU
		{B3375A69-86E2-49F7-BF82-E3022A4597C8}.Debug|Any CPU.ActiveCfg = Debug|Any CPU
		{B3375A69-86E2-49F7-BF82-E3022A4597C8}.Debug|Any CPU.Build.0 = Debug|Any CPU
		{B3375A69-86E2-49F7-BF82-E3022A4597C8}.Release|Any CPU.ActiveCfg = Release|Any CPU
		{B3375A69-86E2-49F7-BF82-E3022A4597C8}.Release|Any CPU.Build.0 = Release|Any CPU
	EndGlobalSection
	GlobalSection(SolutionProperties) = preSolution
		HideSolutionNode = FALSE
	EndGlobalSection
EndGlobal
